
Microsoft Visual Studio Solution File, Format Version 12.00
# Visual Studio Version 17
VisualStudioVersion = 17.5.33414.496
MinimumVisualStudioVersion = 10.0.40219.1
Project("{FAE04EC0-301F-11D3-BF4B-00C04F79EFBC}") = "NsTask.Api", "NsTask.Api.csproj", "{1612A3D6-55F5-4F8D-A4D6-50EB3BF56466}"
EndProject
Global
	GlobalSection(SolutionConfigurationPlatforms) = preSolution
		Debug|Any CPU = Debug|Any CPU
		Release|Any CPU = Release|Any CPU
	EndGlobalSection
	GlobalSection(ProjectConfigurationPlatforms) = postSolution
		{1612A3D6-55F5-4F8D-A4D6-50EB3BF56466}.Debug|Any CPU.ActiveCfg = Debug|Any CPU
		{1612A3D6-55F5-4F8D-A4D6-50EB3BF56466}.Debug|Any CPU.Build.0 = Debug|Any CPU
		{1612A3D6-55F5-4F8D-A4D6-50EB3BF56466}.Release|Any CPU.ActiveCfg = Release|Any CPU
		{1612A3D6-55F5-4F8D-A4D6-50EB3BF56466}.Release|Any CPU.Build.0 = Release|Any CPU
	EndGlobalSection
	GlobalSection(SolutionProperties) = preSolution
		HideSolutionNode = FALSE
	EndGlobalSection
	GlobalSection(ExtensibilityGlobals) = postSolution
		SolutionGuid = {12D6A31C-3872-4B7C-8021-D26828CBF115}
	EndGlobalSection
EndGlobal
